
Microsoft Visual Studio Solution File, Format Version 12.00
# Visual Studio 15
VisualStudioVersion = 15.0.28010.2050
MinimumVisualStudioVersion = 10.0.40219.1
Project("{9A19103F-16F7-4668-BE54-9A1E7A4F7556}") = "BunAPI", "BunAPI\BunAPI.csproj", "{451A57EE-A299-49E0-A608-D25324EB812D}"
EndProject
Project("{FAE04EC0-301F-11D3-BF4B-00C04F79EFBC}") = "BunTests", "BunTests\BunTests.csproj", "{2F681791-010F-495A-B847-CFE67B18A2AB}"
EndProject
Global
	GlobalSection(SolutionConfigurationPlatforms) = preSolution
		Debug|Any CPU = Debug|Any CPU
		Release|Any CPU = Release|Any CPU
	EndGlobalSection
	GlobalSection(ProjectConfigurationPlatforms) = postSolution
		{451A57EE-A299-49E0-A608-D25324EB812D}.Debug|Any CPU.ActiveCfg = Debug|Any CPU
		{451A57EE-A299-49E0-A608-D25324EB812D}.Debug|Any CPU.Build.0 = Debug|Any CPU
		{451A57EE-A299-49E0-A608-D25324EB812D}.Release|Any CPU.ActiveCfg = Release|Any CPU
		{451A57EE-A299-49E0-A608-D25324EB812D}.Release|Any CPU.Build.0 = Release|Any CPU
		{2F681791-010F-495A-B847-CFE67B18A2AB}.Debug|Any CPU.ActiveCfg = Debug|Any CPU
		{2F681791-010F-495A-B847-CFE67B18A2AB}.Debug|Any CPU.Build.0 = Debug|Any CPU
		{2F681791-010F-495A-B847-CFE67B18A2AB}.Release|Any CPU.ActiveCfg = Release|Any CPU
		{2F681791-010F-495A-B847-CFE67B18A2AB}.Release|Any CPU.Build.0 = Release|Any CPU
	EndGlobalSection
	GlobalSection(SolutionProperties) = preSolution
		HideSolutionNode = FALSE
	EndGlobalSection
	GlobalSection(ExtensibilityGlobals) = postSolution
		SolutionGuid = {02F20697-0DD8-442C-8A29-676ECFC72735}
	EndGlobalSection
EndGlobal
